// !$*UTF8*$!
{
	archiveVersion = 1;
	classes = {
	};
	objectVersion = 48;
	objects = {

/* Begin PBXBuildFile section */
		06AB29DF2118E82F00F25196 /* FaceData.m in Sources */ = {isa = PBXBuildFile; fileRef = 06AB29DE2118E82F00F25196 /* FaceData.m */; };
		221F8A851F8C1C14009790AF /* LHLAppDelegate.m in Sources */ = {isa = PBXBuildFile; fileRef = 221F8A841F8C1C14009790AF /* LHLAppDelegate.m */; };
		221F8A881F8C1C14009790AF /* LHLViewController.m in Sources */ = {isa = PBXBuildFile; fileRef = 221F8A871F8C1C14009790AF /* LHLViewController.m */; };
		221F8A8B1F8C1C14009790AF /* Main.storyboard in Resources */ = {isa = PBXBuildFile; fileRef = 221F8A891F8C1C14009790AF /* Main.storyboard */; };
		221F8A8D1F8C1C14009790AF /* Assets.xcassets in Resources */ = {isa = PBXBuildFile; fileRef = 221F8A8C1F8C1C14009790AF /* Assets.xcassets */; };
		221F8A901F8C1C14009790AF /* LaunchScreen.storyboard in Resources */ = {isa = PBXBuildFile; fileRef = 221F8A8E1F8C1C14009790AF /* LaunchScreen.storyboard */; };
		221F8A931F8C1C14009790AF /* main.m in Sources */ = {isa = PBXBuildFile; fileRef = 221F8A921F8C1C14009790AF /* main.m */; };
		221F8A9D1F8C1C14009790AF /* PoliceSketchTests.m in Sources */ = {isa = PBXBuildFile; fileRef = 221F8A9C1F8C1C14009790AF /* PoliceSketchTests.m */; };
/* End PBXBuildFile section */

/* Begin PBXContainerItemProxy section */
		221F8A991F8C1C14009790AF /* PBXContainerItemProxy */ = {
			isa = PBXContainerItemProxy;
			containerPortal = 221F8A781F8C1C14009790AF /* Project object */;
			proxyType = 1;
			remoteGlobalIDString = 221F8A7F1F8C1C14009790AF;
			remoteInfo = PoliceSketch;
		};
/* End PBXContainerItemProxy section */

/* Begin PBXFileReference section */
		06AB29DD2118E82F00F25196 /* FaceData.h */ = {isa = PBXFileReference; lastKnownFileType = sourcecode.c.h; path = FaceData.h; sourceTree = "<group>"; };
		06AB29DE2118E82F00F25196 /* FaceData.m */ = {isa = PBXFileReference; lastKnownFileType = sourcecode.c.objc; path = FaceData.m; sourceTree = "<group>"; };
		221F8A801F8C1C14009790AF /* PoliceSketch.app */ = {isa = PBXFileReference; explicitFileType = wrapper.application; includeInIndex = 0; path = PoliceSketch.app; sourceTree = BUILT_PRODUCTS_DIR; };
		221F8A831F8C1C14009790AF /* LHLAppDelegate.h */ = {isa = PBXFileReference; lastKnownFileType = sourcecode.c.h; path = LHLAppDelegate.h; sourceTree = "<group>"; };
		221F8A841F8C1C14009790AF /* LHLAppDelegate.m */ = {isa = PBXFileReference; lastKnownFileType = sourcecode.c.objc; path = LHLAppDelegate.m; sourceTree = "<group>"; };
		221F8A861F8C1C14009790AF /* LHLViewController.h */ = {isa = PBXFileReference; lastKnownFileType = sourcecode.c.h; path = LHLViewController.h; sourceTree = "<group>"; };
		221F8A871F8C1C14009790AF /* LHLViewController.m */ = {isa = PBXFileReference; lastKnownFileType = sourcecode.c.objc; path = LHLViewController.m; sourceTree = "<group>"; };
		221F8A8A1F8C1C14009790AF /* Base */ = {isa = PBXFileReference; lastKnownFileType = file.storyboard; name = Base; path = Base.lproj/Main.storyboard; sourceTree = "<group>"; };
		221F8A8C1F8C1C14009790AF /* Assets.xcassets */ = {isa = PBXFileReference; lastKnownFileType = folder.assetcatalog; path = Assets.xcassets; sourceTree = "<group>"; };
		221F8A8F1F8C1C14009790AF /* Base */ = {isa = PBXFileReference; lastKnownFileType = file.storyboard; name = Base; path = Base.lproj/LaunchScreen.storyboard; sourceTree = "<group>"; };
		221F8A911F8C1C14009790AF /* Info.plist */ = {isa = PBXFileReference; lastKnownFileType = text.plist.xml; path = Info.plist; sourceTree = "<group>"; };
		221F8A921F8C1C14009790AF /* main.m */ = {isa = PBXFileReference; lastKnownFileType = sourcecode.c.objc; path = main.m; sourceTree = "<group>"; };
		221F8A981F8C1C14009790AF /* PoliceSketchTests.xctest */ = {isa = PBXFileReference; explicitFileType = wrapper.cfbundle; includeInIndex = 0; path = PoliceSketchTests.xctest; sourceTree = BUILT_PRODUCTS_DIR; };
		221F8A9C1F8C1C14009790AF /* PoliceSketchTests.m */ = {isa = PBXFileReference; lastKnownFileType = sourcecode.c.objc; path = PoliceSketchTests.m; sourceTree = "<group>"; };
		221F8A9E1F8C1C14009790AF /* Info.plist */ = {isa = PBXFileReference; lastKnownFileType = text.plist.xml; path = Info.plist; sourceTree = "<group>"; };
/* End PBXFileReference section */

/* Begin PBXFrameworksBuildPhase section */
		221F8A7D1F8C1C14009790AF /* Frameworks */ = {
			isa = PBXFrameworksBuildPhase;
			buildActionMask = 2147483647;
			files = (
			);
			runOnlyForDeploymentPostprocessing = 0;
		};
		221F8A951F8C1C14009790AF /* Frameworks */ = {
			isa = PBXFrameworksBuildPhase;
			buildActionMask = 2147483647;
			files = (
			);
			runOnlyForDeploymentPostprocessing = 0;
		};
/* End PBXFrameworksBuildPhase section */

/* Begin PBXGroup section */
		06AB29DA2118E80000F25196 /* controller */ = {
			isa = PBXGroup;
			children = (
				221F8A831F8C1C14009790AF /* LHLAppDelegate.h */,
				221F8A841F8C1C14009790AF /* LHLAppDelegate.m */,
				221F8A861F8C1C14009790AF /* LHLViewController.h */,
				221F8A871F8C1C14009790AF /* LHLViewController.m */,
			);
			path = controller;
			sourceTree = "<group>";
		};
		06AB29DB2118E80D00F25196 /* view */ = {
			isa = PBXGroup;
			children = (
				221F8A891F8C1C14009790AF /* Main.storyboard */,
				221F8A8E1F8C1C14009790AF /* LaunchScreen.storyboard */,
			);
			path = view;
			sourceTree = "<group>";
		};
		06AB29DC2118E81600F25196 /* model */ = {
			isa = PBXGroup;
			children = (
				06AB29DD2118E82F00F25196 /* FaceData.h */,
				06AB29DE2118E82F00F25196 /* FaceData.m */,
			);
			path = model;
			sourceTree = "<group>";
		};
		221F8A771F8C1C14009790AF = {
			isa = PBXGroup;
			children = (
				221F8A821F8C1C14009790AF /* PoliceSketch */,
				221F8A9B1F8C1C14009790AF /* PoliceSketchTests */,
				221F8A811F8C1C14009790AF /* Products */,
			);
			sourceTree = "<group>";
		};
		221F8A811F8C1C14009790AF /* Products */ = {
			isa = PBXGroup;
			children = (
				221F8A801F8C1C14009790AF /* PoliceSketch.app */,
				221F8A981F8C1C14009790AF /* PoliceSketchTests.xctest */,
			);
			name = Products;
			sourceTree = "<group>";
		};
		221F8A821F8C1C14009790AF /* PoliceSketch */ = {
			isa = PBXGroup;
			children = (
				06AB29DC2118E81600F25196 /* model */,
				06AB29DB2118E80D00F25196 /* view */,
				06AB29DA2118E80000F25196 /* controller */,
				221F8A8C1F8C1C14009790AF /* Assets.xcassets */,
				221F8A911F8C1C14009790AF /* Info.plist */,
				221F8A921F8C1C14009790AF /* main.m */,
			);
			path = PoliceSketch;
			sourceTree = "<group>";
		};
		221F8A9B1F8C1C14009790AF /* PoliceSketchTests */ = {
			isa = PBXGroup;
			children = (
				221F8A9C1F8C1C14009790AF /* PoliceSketchTests.m */,
				221F8A9E1F8C1C14009790AF /* Info.plist */,
			);
			path = PoliceSketchTests;
			sourceTree = "<group>";
		};
/* End PBXGroup section */

/* Begin PBXNativeTarget section */
		221F8A7F1F8C1C14009790AF /* PoliceSketch */ = {
			isa = PBXNativeTarget;
			buildConfigurationList = 221F8AA11F8C1C14009790AF /* Build configuration list for PBXNativeTarget "PoliceSketch" */;
			buildPhases = (
				221F8A7C1F8C1C14009790AF /* Sources */,
				221F8A7D1F8C1C14009790AF /* Frameworks */,
				221F8A7E1F8C1C14009790AF /* Resources */,
			);
			buildRules = (
			);
			dependencies = (
			);
			name = PoliceSketch;
			productName = PoliceSketch;
			productReference = 221F8A801F8C1C14009790AF /* PoliceSketch.app */;
			productType = "com.apple.product-type.application";
		};
		221F8A971F8C1C14009790AF /* PoliceSketchTests */ = {
			isa = PBXNativeTarget;
			buildConfigurationList = 221F8AA41F8C1C14009790AF /* Build configuration list for PBXNativeTarget "PoliceSketchTests" */;
			buildPhases = (
				221F8A941F8C1C14009790AF /* Sources */,
				221F8A951F8C1C14009790AF /* Frameworks */,
				221F8A961F8C1C14009790AF /* Resources */,
			);
			buildRules = (
			);
			dependencies = (
				221F8A9A1F8C1C14009790AF /* PBXTargetDependency */,
			);
			name = PoliceSketchTests;
			productName = PoliceSketchTests;
			productReference = 221F8A981F8C1C14009790AF /* PoliceSketchTests.xctest */;
			productType = "com.apple.product-type.bundle.unit-test";
		};
/* End PBXNativeTarget section */

/* Begin PBXProject section */
		221F8A781F8C1C14009790AF /* Project object */ = {
			isa = PBXProject;
			attributes = {
				LastUpgradeCheck = 0900;
				ORGANIZATIONNAME = "Sam Meech-Ward";
				TargetAttributes = {
					221F8A7F1F8C1C14009790AF = {
						CreatedOnToolsVersion = 9.0;
						ProvisioningStyle = Automatic;
					};
					221F8A971F8C1C14009790AF = {
						CreatedOnToolsVersion = 9.0;
						ProvisioningStyle = Automatic;
						TestTargetID = 221F8A7F1F8C1C14009790AF;
					};
				};
			};
			buildConfigurationList = 221F8A7B1F8C1C14009790AF /* Build configuration list for PBXProject "PoliceSketch" */;
			compatibilityVersion = "Xcode 8.0";
			developmentRegion = en;
			hasScannedForEncodings = 0;
			knownRegions = (
				en,
				Base,
			);
			mainGroup = 221F8A771F8C1C14009790AF;
			productRefGroup = 221F8A811F8C1C14009790AF /* Products */;
			projectDirPath = "";
			projectRoot = "";
			targets = (
				221F8A7F1F8C1C14009790AF /* PoliceSketch */,
				221F8A971F8C1C14009790AF /* PoliceSketchTests */,
			);
		};
/* End PBXProject section */

/* Begin PBXResourcesBuildPhase section */
		221F8A7E1F8C1C14009790AF /* Resources */ = {
			isa = PBXResourcesBuildPhase;
			buildActionMask = 2147483647;
			files = (
				221F8A901F8C1C14009790AF /* LaunchScreen.storyboard in Resources */,
				221F8A8D1F8C1C14009790AF /* Assets.xcassets in Resources */,
				221F8A8B1F8C1C14009790AF /* Main.storyboard in Resources */,
			);
			runOnlyForDeploymentPostprocessing = 0;
		};
		221F8A961F8C1C14009790AF /* Resources */ = {
			isa = PBXResourcesBuildPhase;
			buildActionMask = 2147483647;
			files = (
			);
			runOnlyForDeploymentPostprocessing = 0;
		};
/* End PBXResourcesBuildPhase section */

/* Begin PBXSourcesBuildPhase section */
		221F8A7C1F8C1C14009790AF /* Sources */ = {
			isa = PBXSourcesBuildPhase;
			buildActionMask = 2147483647;
			files = (
				221F8A881F8C1C14009790AF /* LHLViewController.m in Sources */,
				221F8A931F8C1C14009790AF /* main.m in Sources */,
				06AB29DF2118E82F00F25196 /* FaceData.m in Sources */,
				221F8A851F8C1C14009790AF /* LHLAppDelegate.m in Sources */,
			);
			runOnlyForDeploymentPostprocessing = 0;
		};
		221F8A941F8C1C14009790AF /* Sources */ = {
			isa = PBXSourcesBuildPhase;
			buildActionMask = 2147483647;
			files = (
				221F8A9D1F8C1C14009790AF /* PoliceSketchTests.m in Sources */,
			);
			runOnlyForDeploymentPostprocessing = 0;
		};
/* End PBXSourcesBuildPhase section */

/* Begin PBXTargetDependency section */
		221F8A9A1F8C1C14009790AF /* PBXTargetDependency */ = {
			isa = PBXTargetDependency;
			target = 221F8A7F1F8C1C14009790AF /* PoliceSketch */;
			targetProxy = 221F8A991F8C1C14009790AF /* PBXContainerItemProxy */;
		};
/* End PBXTargetDependency section */

/* Begin PBXVariantGroup section */
		221F8A891F8C1C14009790AF /* Main.storyboard */ = {
			isa = PBXVariantGroup;
			children = (
				221F8A8A1F8C1C14009790AF /* Base */,
			);
			name = Main.storyboard;
			sourceTree = "<group>";
		};
		221F8A8E1F8C1C14009790AF /* LaunchScreen.storyboard */ = {
			isa = PBXVariantGroup;
			children = (
				221F8A8F1F8C1C14009790AF /* Base */,
			);
			name = LaunchScreen.storyboard;
			sourceTree = "<group>";
		};
/* End PBXVariantGroup section */

/* Begin XCBuildConfiguration section */
		221F8A9F1F8C1C14009790AF /* Debug */ = {
			isa = XCBuildConfiguration;
			buildSettings = {
				ALWAYS_SEARCH_USER_PATHS = NO;
				CLANG_ANALYZER_NONNULL = YES;
				CLANG_ANALYZER_NUMBER_OBJECT_CONVERSION = YES_AGGRESSIVE;
				CLANG_CXX_LANGUAGE_STANDARD = "gnu++14";
				CLANG_CXX_LIBRARY = "libc++";
				CLANG_ENABLE_MODULES = YES;
				CLANG_ENABLE_OBJC_ARC = YES;
				CLANG_WARN_BLOCK_CAPTURE_AUTORELEASING = YES;
				CLANG_WARN_BOOL_CONVERSION = YES;
				CLANG_WARN_COMMA = YES;
				CLANG_WARN_CONSTANT_CONVERSION = YES;
				CLANG_WARN_DIRECT_OBJC_ISA_USAGE = YES_ERROR;
				CLANG_WARN_DOCUMENTATION_COMMENTS = YES;
				CLANG_WARN_EMPTY_BODY = YES;
				CLANG_WARN_ENUM_CONVERSION = YES;
				CLANG_WARN_INFINITE_RECURSION = YES;
				CLANG_WARN_INT_CONVERSION = YES;
				CLANG_WARN_NON_LITERAL_NULL_CONVERSION = YES;
				CLANG_WARN_OBJC_LITERAL_CONVERSION = YES;
				CLANG_WARN_OBJC_ROOT_CLASS = YES_ERROR;
				CLANG_WARN_RANGE_LOOP_ANALYSIS = YES;
				CLANG_WARN_STRICT_PROTOTYPES = YES;
				CLANG_WARN_SUSPICIOUS_MOVE = YES;
				CLANG_WARN_UNGUARDED_AVAILABILITY = YES_AGGRESSIVE;
				CLANG_WARN_UNREACHABLE_CODE = YES;
				CLANG_WARN__DUPLICATE_METHOD_MATCH = YES;
				CODE_SIGN_IDENTITY = "iPhone Developer";
				COPY_PHASE_STRIP = NO;
				DEBUG_INFORMATION_FORMAT = dwarf;
				ENABLE_STRICT_OBJC_MSGSEND = YES;
				ENABLE_TESTABILITY = YES;
				GCC_C_LANGUAGE_STANDARD = gnu11;
				GCC_DYNAMIC_NO_PIC = NO;
				GCC_NO_COMMON_BLOCKS = YES;
				GCC_OPTIMIZATION_LEVEL = 0;
				GCC_PREPROCESSOR_DEFINITIONS = (
					"DEBUG=1",
					"$(inherited)",
				);
				GCC_WARN_64_TO_32_BIT_CONVERSION = YES;
				GCC_WARN_ABOUT_RETURN_TYPE = YES_ERROR;
				GCC_WARN_UNDECLARED_SELECTOR = YES;
				GCC_WARN_UNINITIALIZED_AUTOS = YES_AGGRESSIVE;
				GCC_WARN_UNUSED_FUNCTION = YES;
				GCC_WARN_UNUSED_VARIABLE = YES;
				IPHONEOS_DEPLOYMENT_TARGET = 11.0;
				MTL_ENABLE_DEBUG_INFO = YES;
				ONLY_ACTIVE_ARCH = YES;
				SDKROOT = iphoneos;
			};
			name = Debug;
		};
		221F8AA01F8C1C14009790AF /* Release */ = {
			isa = XCBuildConfiguration;
			buildSettings = {
				ALWAYS_SEARCH_USER_PATHS = NO;
				CLANG_ANALYZER_NONNULL = YES;
				CLANG_ANALYZER_NUMBER_OBJECT_CONVERSION = YES_AGGRESSIVE;
				CLANG_CXX_LANGUAGE_STANDARD = "gnu++14";
				CLANG_CXX_LIBRARY = "libc++";
				CLANG_ENABLE_MODULES = YES;
				CLANG_ENABLE_OBJC_ARC = YES;
				CLANG_WARN_BLOCK_CAPTURE_AUTORELEASING = YES;
				CLANG_WARN_BOOL_CONVERSION = YES;
				CLANG_WARN_COMMA = YES;
				CLANG_WARN_CONSTANT_CONVERSION = YES;
				CLANG_WARN_DIRECT_OBJC_ISA_USAGE = YES_ERROR;
				CLANG_WARN_DOCUMENTATION_COMMENTS = YES;
				CLANG_WARN_EMPTY_BODY = YES;
				CLANG_WARN_ENUM_CONVERSION = YES;
				CLANG_WARN_INFINITE_RECURSION = YES;
				CLANG_WARN_INT_CONVERSION = YES;
				CLANG_WARN_NON_LITERAL_NULL_CONVERSION = YES;
				CLANG_WARN_OBJC_LITERAL_CONVERSION = YES;
				CLANG_WARN_OBJC_ROOT_CLASS = YES_ERROR;
				CLANG_WARN_RANGE_LOOP_ANALYSIS = YES;
				CLANG_WARN_STRICT_PROTOTYPES = YES;
				CLANG_WARN_SUSPICIOUS_MOVE = YES;
				CLANG_WARN_UNGUARDED_AVAILABILITY = YES_AGGRESSIVE;
				CLANG_WARN_UNREACHABLE_CODE = YES;
				CLANG_WARN__DUPLICATE_METHOD_MATCH = YES;
				CODE_SIGN_IDENTITY = "iPhone Developer";
				COPY_PHASE_STRIP = NO;
				DEBUG_INFORMATION_FORMAT = "dwarf-with-dsym";
				ENABLE_NS_ASSERTIONS = NO;
				ENABLE_STRICT_OBJC_MSGSEND = YES;
				GCC_C_LANGUAGE_STANDARD = gnu11;
				GCC_NO_COMMON_BLOCKS = YES;
				GCC_WARN_64_TO_32_BIT_CONVERSION = YES;
				GCC_WARN_ABOUT_RETURN_TYPE = YES_ERROR;
				GCC_WARN_UNDECLARED_SELECTOR = YES;
				GCC_WARN_UNINITIALIZED_AUTOS = YES_AGGRESSIVE;
				GCC_WARN_UNUSED_FUNCTION = YES;
				GCC_WARN_UNUSED_VARIABLE = YES;
				IPHONEOS_DEPLOYMENT_TARGET = 11.0;
				MTL_ENABLE_DEBUG_INFO = NO;
				SDKROOT = iphoneos;
				VALIDATE_PRODUCT = YES;
			};
			name = Release;
		};
		221F8AA21F8C1C14009790AF /* Debug */ = {
			isa = XCBuildConfiguration;
			buildSettings = {
				ASSETCATALOG_COMPILER_APPICON_NAME = AppIcon;
				CODE_SIGN_STYLE = Automatic;
				INFOPLIST_FILE = PoliceSketch/Info.plist;
				LD_RUNPATH_SEARCH_PATHS = "$(inherited) @executable_path/Frameworks";
				PRODUCT_BUNDLE_IDENTIFIER = "com.meech-ward.PoliceSketch";
				PRODUCT_NAME = "$(TARGET_NAME)";
				TARGETED_DEVICE_FAMILY = "1,2";
			};
			name = Debug;
		};
		221F8AA31F8C1C14009790AF /* Release */ = {
			isa = XCBuildConfiguration;
			buildSettings = {
				ASSETCATALOG_COMPILER_APPICON_NAME = AppIcon;
				CODE_SIGN_STYLE = Automatic;
				INFOPLIST_FILE = PoliceSketch/Info.plist;
				LD_RUNPATH_SEARCH_PATHS = "$(inherited) @executable_path/Frameworks";
				PRODUCT_BUNDLE_IDENTIFIER = "com.meech-ward.PoliceSketch";
				PRODUCT_NAME = "$(TARGET_NAME)";
				TARGETED_DEVICE_FAMILY = "1,2";
			};
			name = Release;
		};
		221F8AA51F8C1C14009790AF /* Debug */ = {
			isa = XCBuildConfiguration;
			buildSettings = {
				BUNDLE_LOADER = "$(TEST_HOST)";
				CODE_SIGN_STYLE = Automatic;
				INFOPLIST_FILE = PoliceSketchTests/Info.plist;
				LD_RUNPATH_SEARCH_PATHS = "$(inherited) @executable_path/Frameworks @loader_path/Frameworks";
				PRODUCT_BUNDLE_IDENTIFIER = "com.meech-ward.PoliceSketchTests";
				PRODUCT_NAME = "$(TARGET_NAME)";
				TARGETED_DEVICE_FAMILY = "1,2";
				TEST_HOST = "$(BUILT_PRODUCTS_DIR)/PoliceSketch.app/PoliceSketch";
			};
			name = Debug;
		};
		221F8AA61F8C1C14009790AF /* Release */ = {
			isa = XCBuildConfiguration;
			buildSettings = {
				BUNDLE_LOADER = "$(TEST_HOST)";
				CODE_SIGN_STYLE = Automatic;
				INFOPLIST_FILE = PoliceSketchTests/Info.plist;
				LD_RUNPATH_SEARCH_PATHS = "$(inherited) @executable_path/Frameworks @loader_path/Frameworks";
				PRODUCT_BUNDLE_IDENTIFIER = "com.meech-ward.PoliceSketchTests";
				PRODUCT_NAME = "$(TARGET_NAME)";
				TARGETED_DEVICE_FAMILY = "1,2";
				TEST_HOST = "$(BUILT_PRODUCTS_DIR)/PoliceSketch.app/PoliceSketch";
			};
			name = Release;
		};
/* End XCBuildConfiguration section */

/* Begin XCConfigurationList section */
		221F8A7B1F8C1C14009790AF /* Build configuration list for PBXProject "PoliceSketch" */ = {
			isa = XCConfigurationList;
			buildConfigurations = (
				221F8A9F1F8C1C14009790AF /* Debug */,
				221F8AA01F8C1C14009790AF /* Release */,
			);
			defaultConfigurationIsVisible = 0;
			defaultConfigurationName = Release;
		};
		221F8AA11F8C1C14009790AF /* Build configuration list for PBXNativeTarget "PoliceSketch" */ = {
			isa = XCConfigurationList;
			buildConfigurations = (
				221F8AA21F8C1C14009790AF /* Debug */,
				221F8AA31F8C1C14009790AF /* Release */,
			);
			defaultConfigurationIsVisible = 0;
			defaultConfigurationName = Release;
		};
		221F8AA41F8C1C14009790AF /* Build configuration list for PBXNativeTarget "PoliceSketchTests" */ = {
			isa = XCConfigurationList;
			buildConfigurations = (
				221F8AA51F8C1C14009790AF /* Debug */,
				221F8AA61F8C1C14009790AF /* Release */,
			);
			defaultConfigurationIsVisible = 0;
			defaultConfigurationName = Release;
		};
/* End XCConfigurationList section */
	};
	rootObject = 221F8A781F8C1C14009790AF /* Project object */;
}
